
Microsoft Visual Studio Solution File, Format Version 12.00
# Visual Studio 15
VisualStudioVersion = 15.0.28307.168
MinimumVisualStudioVersion = 10.0.40219.1
Project("{FAE04EC0-301F-11D3-BF4B-00C04F79EFBC}") = "Saiko", "Saiko\Saiko.csproj", "{FB07691E-1CDB-46B4-BF9E-A2E839D1C558}"
EndProject
Global
	GlobalSection(SolutionConfigurationPlatforms) = preSolution
		Debug|Any CPU = Debug|Any CPU
		Release|Any CPU = Release|Any CPU
	EndGlobalSection
	GlobalSection(ProjectConfigurationPlatforms) = postSolution
		{FB07691E-1CDB-46B4-BF9E-A2E839D1C558}.Debug|Any CPU.ActiveCfg = Debug|Any CPU
		{FB07691E-1CDB-46B4-BF9E-A2E839D1C558}.Debug|Any CPU.Build.0 = Debug|Any CPU
		{FB07691E-1CDB-46B4-BF9E-A2E839D1C558}.Release|Any CPU.ActiveCfg = Release|Any CPU
		{FB07691E-1CDB-46B4-BF9E-A2E839D1C558}.Release|Any CPU.Build.0 = Release|Any CPU
	EndGlobalSection
	GlobalSection(SolutionProperties) = preSolution
		HideSolutionNode = FALSE
	EndGlobalSection
	GlobalSection(ExtensibilityGlobals) = postSolution
		SolutionGuid = {F1868ADD-0AD2-4821-AC63-254E9A2802E5}
	EndGlobalSection
EndGlobal
